
Microsoft Visual Studio Solution File, Format Version 12.00
# Visual Studio 15
VisualStudioVersion = 15.0.26730.15
MinimumVisualStudioVersion = 10.0.40219.1
Project("{FAE04EC0-301F-11D3-BF4B-00C04F79EFBC}") = "Orangehill.OrangeGear", "Orangehill.OrangeGear\Orangehill.OrangeGear.csproj", "{5A4865FD-E4A1-49DA-8EEB-9181297048D3}"
EndProject
Project("{FAE04EC0-301F-11D3-BF4B-00C04F79EFBC}") = "Orangehill.OrangeGearWeb", "Orangehill.OrangeGearWeb\Orangehill.OrangeGearWeb.csproj", "{61292D33-DE34-4424-8C93-31954E24C8D4}"
EndProject
Project("{FAE04EC0-301F-11D3-BF4B-00C04F79EFBC}") = "Orangehill.OrangeGear.SPNotifications", "Orangehill.OrangeGear.SPNotifications\Orangehill.OrangeGear.SPNotifications.csproj", "{728709F3-DA3D-49EF-B888-2FED98E282E2}"
EndProject
Project("{FAE04EC0-301F-11D3-BF4B-00C04F79EFBC}") = "Orangehill.OrangeGear.SPNotificationsWeb", "Orangehill.OrangeGear.SPNotificationsWeb\Orangehill.OrangeGear.SPNotificationsWeb.csproj", "{C6BDDCFA-5A57-4259-94CE-EE176449C7E7}"
EndProject
Project("{FAE04EC0-301F-11D3-BF4B-00C04F79EFBC}") = "Orangehill.OrangeGear.ProvisioningInfrastructure", "Orangehill.OrangeGear.ProvisioningInfrastructure\Orangehill.OrangeGear.ProvisioningInfrastructure.csproj", "{1E3B6788-51FB-4CD1-A43A-B923D6C0E8D8}"
EndProject
Global
	GlobalSection(SolutionConfigurationPlatforms) = preSolution
		Debug|Any CPU = Debug|Any CPU
		Release|Any CPU = Release|Any CPU
	EndGlobalSection
	GlobalSection(ProjectConfigurationPlatforms) = postSolution
		{5A4865FD-E4A1-49DA-8EEB-9181297048D3}.Debug|Any CPU.ActiveCfg = Debug|Any CPU
		{5A4865FD-E4A1-49DA-8EEB-9181297048D3}.Debug|Any CPU.Build.0 = Debug|Any CPU
		{5A4865FD-E4A1-49DA-8EEB-9181297048D3}.Debug|Any CPU.Deploy.0 = Debug|Any CPU
		{5A4865FD-E4A1-49DA-8EEB-9181297048D3}.Release|Any CPU.ActiveCfg = Release|Any CPU
		{5A4865FD-E4A1-49DA-8EEB-9181297048D3}.Release|Any CPU.Build.0 = Release|Any CPU
		{5A4865FD-E4A1-49DA-8EEB-9181297048D3}.Release|Any CPU.Deploy.0 = Release|Any CPU
		{61292D33-DE34-4424-8C93-31954E24C8D4}.Debug|Any CPU.ActiveCfg = Debug|Any CPU
		{61292D33-DE34-4424-8C93-31954E24C8D4}.Debug|Any CPU.Build.0 = Debug|Any CPU
		{61292D33-DE34-4424-8C93-31954E24C8D4}.Release|Any CPU.ActiveCfg = Release|Any CPU
		{61292D33-DE34-4424-8C93-31954E24C8D4}.Release|Any CPU.Build.0 = Release|Any CPU
		{728709F3-DA3D-49EF-B888-2FED98E282E2}.Debug|Any CPU.ActiveCfg = Debug|Any CPU
		{728709F3-DA3D-49EF-B888-2FED98E282E2}.Debug|Any CPU.Build.0 = Debug|Any CPU
		{728709F3-DA3D-49EF-B888-2FED98E282E2}.Debug|Any CPU.Deploy.0 = Debug|Any CPU
		{728709F3-DA3D-49EF-B888-2FED98E282E2}.Release|Any CPU.ActiveCfg = Release|Any CPU
		{728709F3-DA3D-49EF-B888-2FED98E282E2}.Release|Any CPU.Build.0 = Release|Any CPU
		{728709F3-DA3D-49EF-B888-2FED98E282E2}.Release|Any CPU.Deploy.0 = Release|Any CPU
		{C6BDDCFA-5A57-4259-94CE-EE176449C7E7}.Debug|Any CPU.ActiveCfg = Debug|Any CPU
		{C6BDDCFA-5A57-4259-94CE-EE176449C7E7}.Debug|Any CPU.Build.0 = Debug|Any CPU
		{C6BDDCFA-5A57-4259-94CE-EE176449C7E7}.Release|Any CPU.ActiveCfg = Release|Any CPU
		{C6BDDCFA-5A57-4259-94CE-EE176449C7E7}.Release|Any CPU.Build.0 = Release|Any CPU
		{1E3B6788-51FB-4CD1-A43A-B923D6C0E8D8}.Debug|Any CPU.ActiveCfg = Debug|Any CPU
		{1E3B6788-51FB-4CD1-A43A-B923D6C0E8D8}.Debug|Any CPU.Build.0 = Debug|Any CPU
		{1E3B6788-51FB-4CD1-A43A-B923D6C0E8D8}.Release|Any CPU.ActiveCfg = Release|Any CPU
		{1E3B6788-51FB-4CD1-A43A-B923D6C0E8D8}.Release|Any CPU.Build.0 = Release|Any CPU
	EndGlobalSection
	GlobalSection(SolutionProperties) = preSolution
		HideSolutionNode = FALSE
	EndGlobalSection
	GlobalSection(ExtensibilityGlobals) = postSolution
		SolutionGuid = {BECB714D-7870-48E1-8273-8EA13DF02D1A}
	EndGlobalSection
EndGlobal
